// !$*UTF8*$!
{
	archiveVersion = 1;
	classes = {
	};
	objectVersion = 46;
	objects = {

/* Begin PBXBuildFile section */
		7FD10E381B04997900CAED8D /* main.m in Sources */ = {isa = PBXBuildFile; fileRef = 7FD10E371B04997900CAED8D /* main.m */; };
		7FD10E3B1B04997900CAED8D /* AppDelegate.m in Sources */ = {isa = PBXBuildFile; fileRef = 7FD10E3A1B04997900CAED8D /* AppDelegate.m */; };
		7FD10E3E1B04997900CAED8D /* try_time.xcdatamodeld in Sources */ = {isa = PBXBuildFile; fileRef = 7FD10E3C1B04997900CAED8D /* try_time.xcdatamodeld */; };
		7FD10E411B04997900CAED8D /* ViewController.m in Sources */ = {isa = PBXBuildFile; fileRef = 7FD10E401B04997900CAED8D /* ViewController.m */; };
		7FD10E441B04997900CAED8D /* Main.storyboard in Resources */ = {isa = PBXBuildFile; fileRef = 7FD10E421B04997900CAED8D /* Main.storyboard */; };
		7FD10E461B04997900CAED8D /* Images.xcassets in Resources */ = {isa = PBXBuildFile; fileRef = 7FD10E451B04997900CAED8D /* Images.xcassets */; };
		7FD10E491B04997900CAED8D /* LaunchScreen.xib in Resources */ = {isa = PBXBuildFile; fileRef = 7FD10E471B04997900CAED8D /* LaunchScreen.xib */; };
		7FD10E551B04997900CAED8D /* try_timeTests.m in Sources */ = {isa = PBXBuildFile; fileRef = 7FD10E541B04997900CAED8D /* try_timeTests.m */; };
/* End PBXBuildFile section */

/* Begin PBXContainerItemProxy section */
		7FD10E4F1B04997900CAED8D /* PBXContainerItemProxy */ = {
			isa = PBXContainerItemProxy;
			containerPortal = 7FD10E2A1B04997900CAED8D /* Project object */;
			proxyType = 1;
			remoteGlobalIDString = 7FD10E311B04997900CAED8D;
			remoteInfo = try_time;
		};
/* End PBXContainerItemProxy section */

/* Begin PBXFileReference section */
		7FD10E321B04997900CAED8D /* try_time.app */ = {isa = PBXFileReference; explicitFileType = wrapper.application; includeInIndex = 0; path = try_time.app; sourceTree = BUILT_PRODUCTS_DIR; };
		7FD10E361B04997900CAED8D /* Info.plist */ = {isa = PBXFileReference; lastKnownFileType = text.plist.xml; path = Info.plist; sourceTree = "<group>"; };
		7FD10E371B04997900CAED8D /* main.m */ = {isa = PBXFileReference; lastKnownFileType = sourcecode.c.objc; path = main.m; sourceTree = "<group>"; };
		7FD10E391B04997900CAED8D /* AppDelegate.h */ = {isa = PBXFileReference; lastKnownFileType = sourcecode.c.h; path = AppDelegate.h; sourceTree = "<group>"; };
		7FD10E3A1B04997900CAED8D /* AppDelegate.m */ = {isa = PBXFileReference; lastKnownFileType = sourcecode.c.objc; path = AppDelegate.m; sourceTree = "<group>"; };
		7FD10E3D1B04997900CAED8D /* try_time.xcdatamodel */ = {isa = PBXFileReference; lastKnownFileType = wrapper.xcdatamodel; path = try_time.xcdatamodel; sourceTree = "<group>"; };
		7FD10E3F1B04997900CAED8D /* ViewController.h */ = {isa = PBXFileReference; lastKnownFileType = sourcecode.c.h; path = ViewController.h; sourceTree = "<group>"; };
		7FD10E401B04997900CAED8D /* ViewController.m */ = {isa = PBXFileReference; lastKnownFileType = sourcecode.c.objc; path = ViewController.m; sourceTree = "<group>"; };
		7FD10E431B04997900CAED8D /* Base */ = {isa = PBXFileReference; lastKnownFileType = file.storyboard; name = Base; path = Base.lproj/Main.storyboard; sourceTree = "<group>"; };
		7FD10E451B04997900CAED8D /* Images.xcassets */ = {isa = PBXFileReference; lastKnownFileType = folder.assetcatalog; path = Images.xcassets; sourceTree = "<group>"; };
		7FD10E481B04997900CAED8D /* Base */ = {isa = PBXFileReference; lastKnownFileType = file.xib; name = Base; path = Base.lproj/LaunchScreen.xib; sourceTree = "<group>"; };
		7FD10E4E1B04997900CAED8D /* try_timeTests.xctest */ = {isa = PBXFileReference; explicitFileType = wrapper.cfbundle; includeInIndex = 0; path = try_timeTests.xctest; sourceTree = BUILT_PRODUCTS_DIR; };
		7FD10E531B04997900CAED8D /* Info.plist */ = {isa = PBXFileReference; lastKnownFileType = text.plist.xml; path = Info.plist; sourceTree = "<group>"; };
		7FD10E541B04997900CAED8D /* try_timeTests.m */ = {isa = PBXFileReference; lastKnownFileType = sourcecode.c.objc; path = try_timeTests.m; sourceTree = "<group>"; };
/* End PBXFileReference section */

/* Begin PBXFrameworksBuildPhase section */
		7FD10E2F1B04997900CAED8D /* Frameworks */ = {
			isa = PBXFrameworksBuildPhase;
			buildActionMask = 2147483647;
			files = (
			);
			runOnlyForDeploymentPostprocessing = 0;
		};
		7FD10E4B1B04997900CAED8D /* Frameworks */ = {
			isa = PBXFrameworksBuildPhase;
			buildActionMask = 2147483647;
			files = (
			);
			runOnlyForDeploymentPostprocessing = 0;
		};
/* End PBXFrameworksBuildPhase section */

/* Begin PBXGroup section */
		7FD10E291B04997900CAED8D = {
			isa = PBXGroup;
			children = (
				7FD10E341B04997900CAED8D /* try_time */,
				7FD10E511B04997900CAED8D /* try_timeTests */,
				7FD10E331B04997900CAED8D /* Products */,
			);
			sourceTree = "<group>";
		};
		7FD10E331B04997900CAED8D /* Products */ = {
			isa = PBXGroup;
			children = (
				7FD10E321B04997900CAED8D /* try_time.app */,
				7FD10E4E1B04997900CAED8D /* try_timeTests.xctest */,
			);
			name = Products;
			sourceTree = "<group>";
		};
		7FD10E341B04997900CAED8D /* try_time */ = {
			isa = PBXGroup;
			children = (
				7FD10E391B04997900CAED8D /* AppDelegate.h */,
				7FD10E3A1B04997900CAED8D /* AppDelegate.m */,
				7FD10E3F1B04997900CAED8D /* ViewController.h */,
				7FD10E401B04997900CAED8D /* ViewController.m */,
				7FD10E421B04997900CAED8D /* Main.storyboard */,
				7FD10E451B04997900CAED8D /* Images.xcassets */,
				7FD10E471B04997900CAED8D /* LaunchScreen.xib */,
				7FD10E3C1B04997900CAED8D /* try_time.xcdatamodeld */,
				7FD10E351B04997900CAED8D /* Supporting Files */,
			);
			path = try_time;
			sourceTree = "<group>";
		};
		7FD10E351B04997900CAED8D /* Supporting Files */ = {
			isa = PBXGroup;
			children = (
				7FD10E361B04997900CAED8D /* Info.plist */,
				7FD10E371B04997900CAED8D /* main.m */,
			);
			name = "Supporting Files";
			sourceTree = "<group>";
		};
		7FD10E511B04997900CAED8D /* try_timeTests */ = {
			isa = PBXGroup;
			children = (
				7FD10E541B04997900CAED8D /* try_timeTests.m */,
				7FD10E521B04997900CAED8D /* Supporting Files */,
			);
			path = try_timeTests;
			sourceTree = "<group>";
		};
		7FD10E521B04997900CAED8D /* Supporting Files */ = {
			isa = PBXGroup;
			children = (
				7FD10E531B04997900CAED8D /* Info.plist */,
			);
			name = "Supporting Files";
			sourceTree = "<group>";
		};
/* End PBXGroup section */

/* Begin PBXNativeTarget section */
		7FD10E311B04997900CAED8D /* try_time */ = {
			isa = PBXNativeTarget;
			buildConfigurationList = 7FD10E581B04997900CAED8D /* Build configuration list for PBXNativeTarget "try_time" */;
			buildPhases = (
				7FD10E2E1B04997900CAED8D /* Sources */,
				7FD10E2F1B04997900CAED8D /* Frameworks */,
				7FD10E301B04997900CAED8D /* Resources */,
			);
			buildRules = (
			);
			dependencies = (
			);
			name = try_time;
			productName = try_time;
			productReference = 7FD10E321B04997900CAED8D /* try_time.app */;
			productType = "com.apple.product-type.application";
		};
		7FD10E4D1B04997900CAED8D /* try_timeTests */ = {
			isa = PBXNativeTarget;
			buildConfigurationList = 7FD10E5B1B04997900CAED8D /* Build configuration list for PBXNativeTarget "try_timeTests" */;
			buildPhases = (
				7FD10E4A1B04997900CAED8D /* Sources */,
				7FD10E4B1B04997900CAED8D /* Frameworks */,
				7FD10E4C1B04997900CAED8D /* Resources */,
			);
			buildRules = (
			);
			dependencies = (
				7FD10E501B04997900CAED8D /* PBXTargetDependency */,
			);
			name = try_timeTests;
			productName = try_timeTests;
			productReference = 7FD10E4E1B04997900CAED8D /* try_timeTests.xctest */;
			productType = "com.apple.product-type.bundle.unit-test";
		};
/* End PBXNativeTarget section */

/* Begin PBXProject section */
		7FD10E2A1B04997900CAED8D /* Project object */ = {
			isa = PBXProject;
			attributes = {
				LastUpgradeCheck = 0630;
				ORGANIZATIONNAME = AdrianHsu;
				TargetAttributes = {
					7FD10E311B04997900CAED8D = {
						CreatedOnToolsVersion = 6.3.1;
					};
					7FD10E4D1B04997900CAED8D = {
						CreatedOnToolsVersion = 6.3.1;
						TestTargetID = 7FD10E311B04997900CAED8D;
					};
				};
			};
			buildConfigurationList = 7FD10E2D1B04997900CAED8D /* Build configuration list for PBXProject "try_time" */;
			compatibilityVersion = "Xcode 3.2";
			developmentRegion = English;
			hasScannedForEncodings = 0;
			knownRegions = (
				en,
				Base,
			);
			mainGroup = 7FD10E291B04997900CAED8D;
			productRefGroup = 7FD10E331B04997900CAED8D /* Products */;
			projectDirPath = "";
			projectRoot = "";
			targets = (
				7FD10E311B04997900CAED8D /* try_time */,
				7FD10E4D1B04997900CAED8D /* try_timeTests */,
			);
		};
/* End PBXProject section */

/* Begin PBXResourcesBuildPhase section */
		7FD10E301B04997900CAED8D /* Resources */ = {
			isa = PBXResourcesBuildPhase;
			buildActionMask = 2147483647;
			files = (
				7FD10E441B04997900CAED8D /* Main.storyboard in Resources */,
				7FD10E491B04997900CAED8D /* LaunchScreen.xib in Resources */,
				7FD10E461B04997900CAED8D /* Images.xcassets in Resources */,
			);
			runOnlyForDeploymentPostprocessing = 0;
		};
		7FD10E4C1B04997900CAED8D /* Resources */ = {
			isa = PBXResourcesBuildPhase;
			buildActionMask = 2147483647;
			files = (
			);
			runOnlyForDeploymentPostprocessing = 0;
		};
/* End PBXResourcesBuildPhase section */

/* Begin PBXSourcesBuildPhase section */
		7FD10E2E1B04997900CAED8D /* Sources */ = {
			isa = PBXSourcesBuildPhase;
			buildActionMask = 2147483647;
			files = (
				7FD10E3E1B04997900CAED8D /* try_time.xcdatamodeld in Sources */,
				7FD10E3B1B04997900CAED8D /* AppDelegate.m in Sources */,
				7FD10E411B04997900CAED8D /* ViewController.m in Sources */,
				7FD10E381B04997900CAED8D /* main.m in Sources */,
			);
			runOnlyForDeploymentPostprocessing = 0;
		};
		7FD10E4A1B04997900CAED8D /* Sources */ = {
			isa = PBXSourcesBuildPhase;
			buildActionMask = 2147483647;
			files = (
				7FD10E551B04997900CAED8D /* try_timeTests.m in Sources */,
			);
			runOnlyForDeploymentPostprocessing = 0;
		};
/* End PBXSourcesBuildPhase section */

/* Begin PBXTargetDependency section */
		7FD10E501B04997900CAED8D /* PBXTargetDependency */ = {
			isa = PBXTargetDependency;
			target = 7FD10E311B04997900CAED8D /* try_time */;
			targetProxy = 7FD10E4F1B04997900CAED8D /* PBXContainerItemProxy */;
		};
/* End PBXTargetDependency section */

/* Begin PBXVariantGroup section */
		7FD10E421B04997900CAED8D /* Main.storyboard */ = {
			isa = PBXVariantGroup;
			children = (
				7FD10E431B04997900CAED8D /* Base */,
			);
			name = Main.storyboard;
			sourceTree = "<group>";
		};
		7FD10E471B04997900CAED8D /* LaunchScreen.xib */ = {
			isa = PBXVariantGroup;
			children = (
				7FD10E481B04997900CAED8D /* Base */,
			);
			name = LaunchScreen.xib;
			sourceTree = "<group>";
		};
/* End PBXVariantGroup section */

/* Begin XCBuildConfiguration section */
		7FD10E561B04997900CAED8D /* Debug */ = {
			isa = XCBuildConfiguration;
			buildSettings = {
				ALWAYS_SEARCH_USER_PATHS = NO;
				CLANG_CXX_LANGUAGE_STANDARD = "gnu++0x";
				CLANG_CXX_LIBRARY = "libc++";
				CLANG_ENABLE_MODULES = YES;
				CLANG_ENABLE_OBJC_ARC = YES;
				CLANG_WARN_BOOL_CONVERSION = YES;
				CLANG_WARN_CONSTANT_CONVERSION = YES;
				CLANG_WARN_DIRECT_OBJC_ISA_USAGE = YES_ERROR;
				CLANG_WARN_EMPTY_BODY = YES;
				CLANG_WARN_ENUM_CONVERSION = YES;
				CLANG_WARN_INT_CONVERSION = YES;
				CLANG_WARN_OBJC_ROOT_CLASS = YES_ERROR;
				CLANG_WARN_UNREACHABLE_CODE = YES;
				CLANG_WARN__DUPLICATE_METHOD_MATCH = YES;
				"CODE_SIGN_IDENTITY[sdk=iphoneos*]" = "iPhone Developer";
				COPY_PHASE_STRIP = NO;
				DEBUG_INFORMATION_FORMAT = "dwarf-with-dsym";
				ENABLE_STRICT_OBJC_MSGSEND = YES;
				GCC_C_LANGUAGE_STANDARD = gnu99;
				GCC_DYNAMIC_NO_PIC = NO;
				GCC_NO_COMMON_BLOCKS = YES;
				GCC_OPTIMIZATION_LEVEL = 0;
				GCC_PREPROCESSOR_DEFINITIONS = (
					"DEBUG=1",
					"$(inherited)",
				);
				GCC_SYMBOLS_PRIVATE_EXTERN = NO;
				GCC_WARN_64_TO_32_BIT_CONVERSION = YES;
				GCC_WARN_ABOUT_RETURN_TYPE = YES_ERROR;
				GCC_WARN_UNDECLARED_SELECTOR = YES;
				GCC_WARN_UNINITIALIZED_AUTOS = YES_AGGRESSIVE;
				GCC_WARN_UNUSED_FUNCTION = YES;
				GCC_WARN_UNUSED_VARIABLE = YES;
				IPHONEOS_DEPLOYMENT_TARGET = 8.3;
				MTL_ENABLE_DEBUG_INFO = YES;
				ONLY_ACTIVE_ARCH = YES;
				SDKROOT = iphoneos;
			};
			name = Debug;
		};
		7FD10E571B04997900CAED8D /* Release */ = {
			isa = XCBuildConfiguration;
			buildSettings = {
				ALWAYS_SEARCH_USER_PATHS = NO;
				CLANG_CXX_LANGUAGE_STANDARD = "gnu++0x";
				CLANG_CXX_LIBRARY = "libc++";
				CLANG_ENABLE_MODULES = YES;
				CLANG_ENABLE_OBJC_ARC = YES;
				CLANG_WARN_BOOL_CONVERSION = YES;
				CLANG_WARN_CONSTANT_CONVERSION = YES;
				CLANG_WARN_DIRECT_OBJC_ISA_USAGE = YES_ERROR;
				CLANG_WARN_EMPTY_BODY = YES;
				CLANG_WARN_ENUM_CONVERSION = YES;
				CLANG_WARN_INT_CONVERSION = YES;
				CLANG_WARN_OBJC_ROOT_CLASS = YES_ERROR;
				CLANG_WARN_UNREACHABLE_CODE = YES;
				CLANG_WARN__DUPLICATE_METHOD_MATCH = YES;
				"CODE_SIGN_IDENTITY[sdk=iphoneos*]" = "iPhone Developer";
				COPY_PHASE_STRIP = NO;
				DEBUG_INFORMATION_FORMAT = "dwarf-with-dsym";
				ENABLE_NS_ASSERTIONS = NO;
				ENABLE_STRICT_OBJC_MSGSEND = YES;
				GCC_C_LANGUAGE_STANDARD = gnu99;
				GCC_NO_COMMON_BLOCKS = YES;
				GCC_WARN_64_TO_32_BIT_CONVERSION = YES;
				GCC_WARN_ABOUT_RETURN_TYPE = YES_ERROR;
				GCC_WARN_UNDECLARED_SELECTOR = YES;
				GCC_WARN_UNINITIALIZED_AUTOS = YES_AGGRESSIVE;
				GCC_WARN_UNUSED_FUNCTION = YES;
				GCC_WARN_UNUSED_VARIABLE = YES;
				IPHONEOS_DEPLOYMENT_TARGET = 8.3;
				MTL_ENABLE_DEBUG_INFO = NO;
				SDKROOT = iphoneos;
				VALIDATE_PRODUCT = YES;
			};
			name = Release;
		};
		7FD10E591B04997900CAED8D /* Debug */ = {
			isa = XCBuildConfiguration;
			buildSettings = {
				ASSETCATALOG_COMPILER_APPICON_NAME = AppIcon;
				INFOPLIST_FILE = try_time/Info.plist;
				LD_RUNPATH_SEARCH_PATHS = "$(inherited) @executable_path/Frameworks";
				PRODUCT_NAME = "$(TARGET_NAME)";
			};
			name = Debug;
		};
		7FD10E5A1B04997900CAED8D /* Release */ = {
			isa = XCBuildConfiguration;
			buildSettings = {
				ASSETCATALOG_COMPILER_APPICON_NAME = AppIcon;
				INFOPLIST_FILE = try_time/Info.plist;
				LD_RUNPATH_SEARCH_PATHS = "$(inherited) @executable_path/Frameworks";
				PRODUCT_NAME = "$(TARGET_NAME)";
			};
			name = Release;
		};
		7FD10E5C1B04997900CAED8D /* Debug */ = {
			isa = XCBuildConfiguration;
			buildSettings = {
				BUNDLE_LOADER = "$(TEST_HOST)";
				FRAMEWORK_SEARCH_PATHS = (
					"$(SDKROOT)/Developer/Library/Frameworks",
					"$(inherited)",
				);
				GCC_PREPROCESSOR_DEFINITIONS = (
					"DEBUG=1",
					"$(inherited)",
				);
				INFOPLIST_FILE = try_timeTests/Info.plist;
				LD_RUNPATH_SEARCH_PATHS = "$(inherited) @executable_path/Frameworks @loader_path/Frameworks";
				PRODUCT_NAME = "$(TARGET_NAME)";
				TEST_HOST = "$(BUILT_PRODUCTS_DIR)/try_time.app/try_time";
			};
			name = Debug;
		};
		7FD10E5D1B04997900CAED8D /* Release */ = {
			isa = XCBuildConfiguration;
			buildSettings = {
				BUNDLE_LOADER = "$(TEST_HOST)";
				FRAMEWORK_SEARCH_PATHS = (
					"$(SDKROOT)/Developer/Library/Frameworks",
					"$(inherited)",
				);
				INFOPLIST_FILE = try_timeTests/Info.plist;
				LD_RUNPATH_SEARCH_PATHS = "$(inherited) @executable_path/Frameworks @loader_path/Frameworks";
				PRODUCT_NAME = "$(TARGET_NAME)";
				TEST_HOST = "$(BUILT_PRODUCTS_DIR)/try_time.app/try_time";
			};
			name = Release;
		};
/* End XCBuildConfiguration section */

/* Begin XCConfigurationList section */
		7FD10E2D1B04997900CAED8D /* Build configuration list for PBXProject "try_time" */ = {
			isa = XCConfigurationList;
			buildConfigurations = (
				7FD10E561B04997900CAED8D /* Debug */,
				7FD10E571B04997900CAED8D /* Release */,
			);
			defaultConfigurationIsVisible = 0;
			defaultConfigurationName = Release;
		};
		7FD10E581B04997900CAED8D /* Build configuration list for PBXNativeTarget "try_time" */ = {
			isa = XCConfigurationList;
			buildConfigurations = (
				7FD10E591B04997900CAED8D /* Debug */,
				7FD10E5A1B04997900CAED8D /* Release */,
			);
			defaultConfigurationIsVisible = 0;
		};
		7FD10E5B1B04997900CAED8D /* Build configuration list for PBXNativeTarget "try_timeTests" */ = {
			isa = XCConfigurationList;
			buildConfigurations = (
				7FD10E5C1B04997900CAED8D /* Debug */,
				7FD10E5D1B04997900CAED8D /* Release */,
			);
			defaultConfigurationIsVisible = 0;
		};
/* End XCConfigurationList section */

/* Begin XCVersionGroup section */
		7FD10E3C1B04997900CAED8D /* try_time.xcdatamodeld */ = {
			isa = XCVersionGroup;
			children = (
				7FD10E3D1B04997900CAED8D /* try_time.xcdatamodel */,
			);
			currentVersion = 7FD10E3D1B04997900CAED8D /* try_time.xcdatamodel */;
			path = try_time.xcdatamodeld;
			sourceTree = "<group>";
			versionGroupType = wrapper.xcdatamodel;
		};
/* End XCVersionGroup section */
	};
	rootObject = 7FD10E2A1B04997900CAED8D /* Project object */;
}
